
Microsoft Visual Studio Solution File, Format Version 12.00
# Visual Studio Version 16
VisualStudioVersion = 16.0.30717.126
MinimumVisualStudioVersion = 10.0.40219.1
Project("{FAE04EC0-301F-11D3-BF4B-00C04F79EFBC}") = "Lab5", "Lab5\Lab5.csproj", "{1229B267-8E3B-41B2-B059-F6C94F289155}"
EndProject
Global
	GlobalSection(SolutionConfigurationPlatforms) = preSolution
		Debug|Any CPU = Debug|Any CPU
		Release|Any CPU = Release|Any CPU
	EndGlobalSection
	GlobalSection(ProjectConfigurationPlatforms) = postSolution
		{1229B267-8E3B-41B2-B059-F6C94F289155}.Debug|Any CPU.ActiveCfg = Debug|Any CPU
		{1229B267-8E3B-41B2-B059-F6C94F289155}.Debug|Any CPU.Build.0 = Debug|Any CPU
		{1229B267-8E3B-41B2-B059-F6C94F289155}.Release|Any CPU.ActiveCfg = Release|Any CPU
		{1229B267-8E3B-41B2-B059-F6C94F289155}.Release|Any CPU.Build.0 = Release|Any CPU
	EndGlobalSection
	GlobalSection(SolutionProperties) = preSolution
		HideSolutionNode = FALSE
	EndGlobalSection
	GlobalSection(ExtensibilityGlobals) = postSolution
		SolutionGuid = {5260FDA2-CA64-4365-B7BC-E20D7CA091D7}
	EndGlobalSection
EndGlobal
